# This file is autogenerated, do not edit; changes may be undone by the next 'dep ensure'.


[[projects]]
  branch = "master"
  digest = "1:2fab77e19256b26d733b70e1f68cd965cb87e38e3a619fa960cf319aef743d53"
  name = "bazil.org/fuse"
  packages = [
    ".",
    "fs",
    "fs/fstestutil",
    "fuseutil",
  ]
  pruneopts = "UT"
  revision = "65cc252bf6691cb3c7014bcb2c8dc29de91e3a7e"

[[projects]]
  branch = "master"
  digest = "1:341f9de25b320f45124840fa084aa804a6659cfeae2ea93a45424fd73f9d7da5"
  name = "github.com/CovenantSQL/HashStablePack"
  packages = ["marshalhash"]
  pruneopts = "UT"
  revision = "90c11134d028469b549548c7d56753bd590e799e"

[[projects]]
  branch = "master"
  digest = "1:b8201c4d972fe3856d4bb2f97e6c53a558d90849f145a55f1028bedfe1929103"
  name = "github.com/CovenantSQL/beacon"
  packages = ["ipv6"]
  pruneopts = "UT"
  revision = "9f84f37adc0c8ead41f8a1135bdedfd86403fb8b"

[[projects]]
  branch = "develop"
  digest = "1:9691c7a98f7d559cf573a98dd19c26f0859d30343e59a6a30e91c3d187a8ad37"
  name = "github.com/CovenantSQL/go-sqlite3-encrypt"
  packages = ["."]
  pruneopts = "UT"
  revision = "43e89c9e6ba4ec912425e667d6689fb3ef3c7d45"

[[projects]]
  branch = "master"
  digest = "1:747a4d23380a7186ac767b81dcba660e482ed9d82f02d12603147cf6e2b9f02f"
  name = "github.com/CovenantSQL/sqlparser"
  packages = [
    ".",
    "dependency/bytes2",
    "dependency/hack",
    "dependency/querypb",
    "dependency/sqltypes",
  ]
  pruneopts = "UT"
  revision = "8673c64d83a0954a21eaf0158bb2e1eb574304da"

[[projects]]
  digest = "1:3e98d7591efd49c324016c20fa4409e7498f791bc764a7c016258e34584d9514"
  name = "github.com/alecthomas/chroma"
  packages = [
    ".",
    "formatters",
    "formatters/html",
    "lexers",
    "lexers/a",
    "lexers/b",
    "lexers/c",
    "lexers/circular",
    "lexers/d",
    "lexers/e",
    "lexers/f",
    "lexers/g",
    "lexers/h",
    "lexers/i",
    "lexers/internal",
    "lexers/j",
    "lexers/k",
    "lexers/l",
    "lexers/m",
    "lexers/n",
    "lexers/o",
    "lexers/p",
    "lexers/q",
    "lexers/r",
    "lexers/s",
    "lexers/t",
    "lexers/v",
    "lexers/w",
    "lexers/x",
    "lexers/y",
    "styles",
  ]
  pruneopts = "UT"
  revision = "38460d1881ab5310948072eea583e52e181c196a"
  version = "v0.6.3"

[[projects]]
  branch = "master"
  digest = "1:d6afaeed1502aa28e80a4ed0981d570ad91b2579193404256ce672ed0a609e0d"
  name = "github.com/beorn7/perks"
  packages = ["quantile"]
  pruneopts = "UT"
  revision = "3a771d992973f24aa725d07868b467d1ddfceafb"

[[projects]]
  branch = "master"
  digest = "1:093bf93a65962e8191e3e8cd8fc6c363f83d43caca9739c906531ba7210a9904"
  name = "github.com/btcsuite/btcd"
  packages = ["btcec"]
  pruneopts = "UT"
  revision = "aa6e0f35703c1438cc45860ddc0c3f6e6c633c93"

[[projects]]
  branch = "master"
  digest = "1:95f4fdfbc8d7723bd21e467aabe98d86f06d3e2557b1ba92bf9df8aea6706784"
  name = "github.com/btcsuite/btcutil"
  packages = ["base58"]
  pruneopts = "UT"
  revision = "3ac1210f4b38284536002486ef8a21ac54c14497"

[[projects]]
  branch = "master"
  digest = "1:7b274cc72af687fe6eb618acd83b9601c4317fbe5ac1dfb41cc116e3495f68b0"
  name = "github.com/cyberdelia/go-metrics-graphite"
  packages = ["."]
  pruneopts = "UT"
  revision = "39f87cc3b432bbb898d7c643c0e93cac2bc865ad"

[[projects]]
  branch = "master"
  digest = "1:710109527a119c813d4fac773712dd92f449ed7c2f7b81f49822f94d290c8f72"
  name = "github.com/danwakefield/fnmatch"
  packages = ["."]
  pruneopts = "UT"
  revision = "cbb64ac3d964b81592e64f957ad53df015803288"

[[projects]]
  digest = "1:ffe9824d294da03b391f44e1ae8281281b4afc1bdaa9588c9097785e3af10cec"
  name = "github.com/davecgh/go-spew"
  packages = ["spew"]
  pruneopts = "UT"
  revision = "8991bc29aa16c548c550c7ff78260e27b9ab7c73"
  version = "v1.1.1"

[[projects]]
  digest = "1:72dc2b6056e7097f829260e4a2ff08d32fec6017df1982a66e110ab4128486f8"
  name = "github.com/dlclark/regexp2"
  packages = [
    ".",
    "syntax",
  ]
  pruneopts = "UT"
  revision = "487489b64fb796de2e55f4e8a4ad1e145f80e957"
  version = "v1.1.6"

[[projects]]
  digest = "1:547f5df5f708c880f0af507317c8d022b8d62053a5cb075e23c6eeed09eb2e4e"
  name = "github.com/fortytw2/leaktest"
  packages = ["."]
  pruneopts = "UT"
  revision = "9a23578d06a26ec1b47bfc8965bf5e7011df8bd6"
  version = "v1.3.0"

[[projects]]
  digest = "1:670d1f29fa2aa15ea777cc5bcf95881f379bf8a71dbbe145be0774da97fede72"
  name = "github.com/go-gorp/gorp"
  packages = ["."]
  pruneopts = "UT"
  revision = "4df78490a9aa9a78b9b02b0c913df8dc1954faee"
  version = "2.1"

[[projects]]
  branch = "master"
  digest = "1:48c0fa64e80c089a88d30ab5b826c106af79eb3c65d48e2280f22aa4d61d7a84"
  name = "github.com/gohxs/readline"
  packages = ["."]
  pruneopts = "UT"
  revision = "a780388e6e7cb475327da556ecfda0edbb374d80"

[[projects]]
  digest = "1:318f1c959a8a740366fce4b1e1eb2fd914036b4af58fbd0a003349b305f118ad"
  name = "github.com/golang/protobuf"
  packages = ["proto"]
  pruneopts = "UT"
  revision = "b5d812f8a3706043e23a9cd5babf2e5423744d30"
  version = "v1.3.1"

[[projects]]
  digest = "1:e4f5819333ac698d294fe04dbf640f84719658d5c7ce195b10060cc37292ce79"
  name = "github.com/golang/snappy"
  packages = ["."]
  pruneopts = "UT"
  revision = "2a8bb927dd31d8daada140a5d09578521ce5c36a"
  version = "v0.0.1"

[[projects]]
  branch = "master"
  digest = "1:f14d1b50e0075fb00177f12a96dd7addf93d1e2883c25befd17285b779549795"
  name = "github.com/gopherjs/gopherjs"
  packages = ["js"]
  pruneopts = "UT"
  revision = "bb2674552d8fc183605e16acbf9e8f0a0b031dee"

[[projects]]
  digest = "1:664d37ea261f0fc73dd17f4a1f5f46d01fbb0b0d75f6375af064824424109b7d"
  name = "github.com/gorilla/handlers"
  packages = ["."]
  pruneopts = "UT"
  revision = "7e0847f9db758cdebd26c149d0ae9d5d0b9c98ce"
  version = "v1.4.0"

[[projects]]
  digest = "1:d5f97fc268267ec1b61c3453058c738246fc3e746f14b1ae25161513b7367b0c"
  name = "github.com/gorilla/mux"
  packages = ["."]
  pruneopts = "UT"
  revision = "c5c6c98bc25355028a63748a498942a6398ccd22"
  version = "v1.7.1"

[[projects]]
  digest = "1:7b5c6e2eeaa9ae5907c391a91c132abfd5c9e8a784a341b5625e750c67e6825d"
  name = "github.com/gorilla/websocket"
  packages = ["."]
  pruneopts = "UT"
  revision = "66b9c49e59c6c48f0ffce28c2d8b8a5678502c6d"
  version = "v1.4.0"

[[projects]]
  digest = "1:d15ee511aa0f56baacc1eb4c6b922fa1c03b38413b6be18166b996d82a0156ea"
  name = "github.com/hashicorp/golang-lru"
  packages = [
    ".",
    "simplelru",
  ]
  pruneopts = "UT"
  revision = "7087cb70de9f7a8bc0a10c375cb0d2280a8edf9c"
  version = "v0.5.1"

[[projects]]
  digest = "1:9bf89de9d88024778fef62089e47b41bea65966ea6c043e9dcd29c2cd901fe1a"
  name = "github.com/ivpusic/grpool"
  packages = ["."]
  pruneopts = "UT"
  revision = "28957a27c9441f178d644aa598bac0aad4dd7bba"
  version = "v1.0.0"

[[projects]]
  branch = "master"
  digest = "1:438016f7d4af8e5a7010b6d0705b267a7607ddc0decad051e83a9458c6b9a523"
  name = "github.com/jmoiron/jsonq"
  packages = ["."]
  pruneopts = "UT"
  revision = "e874b168d07ecc7808bc950a17998a8aa3141d82"

[[projects]]
  branch = "master"
  digest = "1:b8ea2f94c66b4cb5aa3302827b9a147adfb4a98d21b75d30cc569fdbbdcd7c75"
  name = "github.com/jordwest/mock-conn"
  packages = ["."]
  pruneopts = "UT"
  revision = "4896c6bd164172da9f78789f233b470a3a6fb359"

[[projects]]
  digest = "1:4b63210654b1f2b664f74ec434a1bb1cb442b3d75742cc064a10808d1cca6361"
  name = "github.com/jtolds/gls"
  packages = ["."]
  pruneopts = "UT"
  revision = "b4936e06046bbecbb94cae9c18127ebe510a2cb9"
  version = "v4.20"

[[projects]]
  branch = "master"
  digest = "1:60835a4fa946b3c4b595438a07d447305ed4fc9ce95a7a5d0c06ffeea490d5a9"
  name = "github.com/juju/errors"
  packages = ["."]
  pruneopts = "UT"
  revision = "e65537c515d77e35697c471d6c2755375cb3adc4"

[[projects]]
  branch = "master"
  digest = "1:957b15d94d4771a424b6ccb959214fe8caafb7d791d0f588ac572b7cdc894457"
  name = "github.com/knq/snaker"
  packages = ["."]
  pruneopts = "UT"
  revision = "2bc8a4db468777180ca38d551094b83073bed25f"

[[projects]]
  digest = "1:31e761d97c76151dde79e9d28964a812c46efc5baee4085b86f68f0c654450de"
  name = "github.com/konsorten/go-windows-terminal-sequences"
  packages = ["."]
  pruneopts = "UT"
  revision = "f55edac94c9bbba5d6182a4be46d86a2c9b5b50e"
  version = "v1.0.2"

[[projects]]
  branch = "master"
  digest = "1:9e23318fb92c60935e4de2ce13710979f1dffd5c7a4ec4b29a740c27da9b735c"
  name = "github.com/lufia/iostat"
  packages = ["."]
  pruneopts = "UT"
  revision = "9f7362b77ad333b26c01c99de52a11bdb650ded2"

[[projects]]
  digest = "1:e150b5fafbd7607e2d638e4e5cf43aa4100124e5593385147b0a74e2733d8b0d"
  name = "github.com/mattn/go-isatty"
  packages = ["."]
  pruneopts = "UT"
  revision = "c2a7a6ca930a4cd0bc33a3f298eb71960732a3a7"
  version = "v0.0.7"

[[projects]]
  digest = "1:0356f3312c9bd1cbeda81505b7fd437501d8e778ab66998ef69f00d7f9b3a0d7"
  name = "github.com/mattn/go-runewidth"
  packages = ["."]
  pruneopts = "UT"
  revision = "3ee7d812e62a0804a7d0a324e0249ca2db3476d3"
  version = "v0.0.4"

[[projects]]
  digest = "1:ff5ebae34cfbf047d505ee150de27e60570e8c394b3b8fdbb720ff6ac71985fc"
  name = "github.com/matttproud/golang_protobuf_extensions"
  packages = ["pbutil"]
  pruneopts = "UT"
  revision = "c12348ce28de40eed0136aa2b644d0ee0650e56c"
  version = "v1.0.1"

[[projects]]
  branch = "master"
  digest = "1:130cefe87d7eeefc824978dcb78e35672d4c49a11f25c153fbf0cfd952756fa3"
  name = "github.com/minio/blake2b-simd"
  packages = ["."]
  pruneopts = "UT"
  revision = "3f5f724cb5b182a5c278d6d3d55b40e7f8c2efb4"

[[projects]]
  branch = "master"
  digest = "1:84bd7f8a2e0bcd53ddc33c3b47c34c1fe340c8632cbe928f7f8ae10ec6ecdd62"
  name = "github.com/mohae/deepcopy"
  packages = ["."]
  pruneopts = "UT"
  revision = "c48cc78d482608239f6c4c92a4abd87eb8761c90"

[[projects]]
  digest = "1:5e73b34a27d827212102605789de00bd411b2e434812133c83935fe9897c75e1"
  name = "github.com/philhofer/fwd"
  packages = ["."]
  pruneopts = "UT"
  revision = "bb6d471dc95d4fe11e432687f8b70ff496cf3136"
  version = "v1.0.0"

[[projects]]
  digest = "1:cf31692c14422fa27c83a05292eb5cbe0fb2775972e8f1f8446a71549bd8980b"
  name = "github.com/pkg/errors"
  packages = ["."]
  pruneopts = "UT"
  revision = "ba968bfe8b2f7e042a574c888954fccecfa385b4"
  version = "v0.8.1"

[[projects]]
  branch = "master"
  digest = "1:fbe2da976970d237a1db5ed65fabfa3f820cc4bafec9132d9605cdb90509b6af"
  name = "github.com/prometheus/client_golang"
  packages = [
    "prometheus",
    "prometheus/internal",
  ]
  pruneopts = "UT"
  revision = "7490f0a74525a1f863eaf81b42f3ead3a1ecc43a"

[[projects]]
  branch = "master"
  digest = "1:2d5cd61daa5565187e1d96bae64dbbc6080dacf741448e9629c64fd93203b0d4"
  name = "github.com/prometheus/client_model"
  packages = ["go"]
  pruneopts = "UT"
  revision = "fd36f4220a901265f90734c3183c5f0c91daa0b8"

[[projects]]
  digest = "1:d604e1228e3d9250979563cc2bdcc0a4933f75afa756dcd397e2403da5d2c2b5"
  name = "github.com/prometheus/common"
  packages = [
    "expfmt",
    "internal/bitbucket.org/ww/goautoneg",
    "model",
    "version",
  ]
  pruneopts = "UT"
  revision = "cfeb6f9992ffa54aaa4f2170ade4067ee478b250"
  version = "v0.2.0"

[[projects]]
  branch = "master"
  digest = "1:f806b417865e83457c3659232926203f5b0d39aa741b71d9e3e4c0c774e71a5c"
  name = "github.com/prometheus/procfs"
  packages = ["."]
  pruneopts = "UT"
  revision = "ea9eea63887261e4d8ed8315f4078e88d540c725"

[[projects]]
  digest = "1:77b730fa4c2d98f3ddf492acbea351eb6b0560fa5eace4105a6fc33ff937bb1b"
  name = "github.com/rakyll/statik"
  packages = ["fs"]
  pruneopts = "UT"
  revision = "3bac566d30cdbeddef402a80f3d6305860e59f12"
  version = "v0.1.6"

[[projects]]
  branch = "master"
  digest = "1:d38f81081a389f1466ec98192cf9115a82158854d6f01e1c23e2e7554b97db71"
  name = "github.com/rcrowley/go-metrics"
  packages = ["."]
  pruneopts = "UT"
  revision = "3113b8401b8a98917cde58f8bbd42a1b1c03b1fd"

[[projects]]
  branch = "master"
  digest = "1:a3b8912deeef29007fab9a13a9f21b9e9b59c621a2ed61e2fe7b37320a71fbd5"
  name = "github.com/satori/go.uuid"
  packages = ["."]
  pruneopts = "UT"
  revision = "b2ce2384e17bbe0c6d34077efa39dbab3e09123b"

[[projects]]
  branch = "master"
  digest = "1:867b32924d64471acb59c4a14aa1ede13737cc1482eed26c5c65bd004a0e5913"
  name = "github.com/siddontang/go"
  packages = [
    "hack",
    "sync2",
  ]
  pruneopts = "UT"
  revision = "bdc77568d726a8702315ec4eafda030b6abc4f43"

[[projects]]
  branch = "master"
  digest = "1:bc145a4c0a8672dbaeb8cd8b0cbf61a83d5715a7da486403a25a7d17cfda9528"
  name = "github.com/siddontang/go-log"
  packages = [
    "log",
    "loggers",
  ]
  pruneopts = "UT"
  revision = "1e957dd83bed18c84716181da7b80d4af48eaefe"

[[projects]]
  branch = "master"
  digest = "1:25913ccf8c947d80f59e211b41225a85bd8e491f22b61a8c7e04f5774b2c01d3"
  name = "github.com/siddontang/go-mysql"
  packages = [
    "mysql",
    "packet",
    "server",
  ]
  pruneopts = "UT"
  revision = "d8fba0f23b9b3abe91c6f01842c72edd925ccb93"
  source = "github.com/CovenantSQL/go-mysql"

[[projects]]
  digest = "1:fd61cf4ae1953d55df708acb6b91492d538f49c305b364a014049914495db426"
  name = "github.com/sirupsen/logrus"
  packages = ["."]
  pruneopts = "UT"
  revision = "8bdbc7bcc01dcbb8ec23dc8a28e332258d25251f"
  version = "v1.4.1"

[[projects]]
  digest = "1:237af0cf68bac89e21af72e6cd6b64f388854895e75f82ad08c6c011e1a8286c"
  name = "github.com/smartystreets/assertions"
  packages = [
    ".",
    "internal/go-diff/diffmatchpatch",
    "internal/go-render/render",
    "internal/oglematchers",
  ]
  pruneopts = "UT"
  revision = "f487f9de1cd36ebab28235b9373028812fb47cbd"
  version = "1.10.1"

[[projects]]
  digest = "1:a3e081e593ee8e3b0a9af6a5dcac964c67a40c4f2034b5345b2ad78d05920728"
  name = "github.com/smartystreets/goconvey"
  packages = [
    "convey",
    "convey/gotest",
    "convey/reporting",
  ]
  pruneopts = "UT"
  revision = "9e8dc3f972df6c8fcc0375ef492c24d0bb204857"
  version = "1.6.3"

[[projects]]
  branch = "master"
  digest = "1:32f4e7b0ee053a4143005e9d80c764d4e5b6cd8458b2042d2348215c75e2f652"
  name = "github.com/sourcegraph/jsonrpc2"
  packages = [
    ".",
    "websocket",
  ]
  pruneopts = "UT"
  revision = "35a74f039c6a54af5bf0402d8f7da046c3f63ba2"

[[projects]]
  digest = "1:5b180f17d5bc50b765f4dcf0d126c72979531cbbd7f7929bf3edd87fb801ea2d"
  name = "github.com/syndtr/goleveldb"
  packages = [
    "leveldb",
    "leveldb/cache",
    "leveldb/comparer",
    "leveldb/errors",
    "leveldb/filter",
    "leveldb/iterator",
    "leveldb/journal",
    "leveldb/memdb",
    "leveldb/opt",
    "leveldb/storage",
    "leveldb/table",
    "leveldb/util",
  ]
  pruneopts = "UT"
  revision = "9d007e481048296f09f59bd19bb7ae584563cd95"
  version = "v1.0.0"

[[projects]]
  digest = "1:fb774e3bb85aaa1eba3f2b9fc232bb2b045adc977d33d24cf553e51aac955bfa"
  name = "github.com/tchap/go-patricia"
  packages = ["patricia"]
  pruneopts = "UT"
  revision = "a7f0089c6f496e8e70402f61733606daa326cac5"
  version = "v2.3.0"

[[projects]]
  digest = "1:d0072748c62defde1ad99dde77f6ffce492a0e5aea9204077e497c7edfb86653"
  name = "github.com/ugorji/go"
  packages = ["codec"]
  pruneopts = "UT"
  revision = "2adff0894ba3bc2eeb9f9aea45fefd49802e1a13"
  version = "v1.1.4"

[[projects]]
  branch = "master"
  digest = "1:cac263b8eb2e9ad2327b70e03be1de1227040bfb3be26b49c4b56cbed568afc7"
  name = "github.com/xo/dburl"
  packages = ["."]
  pruneopts = "UT"
  revision = "98997a05b24fc069c79fa13b05ccf376c22a326c"

[[projects]]
  branch = "master"
  digest = "1:16faf4dab994a2a0561c287a8fd7511c4a260b0992a3fd631ddd14087d892687"
  name = "github.com/xo/tblfmt"
  packages = ["."]
  pruneopts = "UT"
  revision = "14c6bb46451c6e7e64611f7c86a5518b1b884961"

[[projects]]
  branch = "master"
  digest = "1:1c199e396c939f7087c8c6b009be0fe231f97aa6102573b4056703e91bea8608"
  name = "github.com/xo/terminfo"
  packages = ["."]
  pruneopts = "UT"
  revision = "1a4775eeeb62bd30d46e706d526450ad6fa6c8ba"

[[projects]]
  branch = "master"
  digest = "1:63dba4cbd4478f9d81f89343b14d3c868cc5a06c01f7d28ef1a61f324263d8d9"
  name = "github.com/xo/usql"
  packages = [
    "drivers",
    "env",
    "handler",
    "metacmd",
    "rline",
    "stmt",
    "styles",
    "text",
  ]
  pruneopts = "UT"
  revision = "e7f1b66b11bb53b56f34c50eecb4f087dcf9c0f4"

[[projects]]
  branch = "master"
  digest = "1:507ac13e1e52769f3a2d5f8cb36de0d724a26b99d4ce8333de3d8b31ead7ff55"
  name = "github.com/xtaci/smux"
  packages = ["."]
  pruneopts = "UT"
  revision = "8a71918d00ec9d14824b26de2ebfea34c3b6190c"

[[projects]]
  digest = "1:4619abe2e9ceabced45ff40a4826866c48f264bb58384efe799a8fb83c2256e0"
  name = "github.com/zaf/temp"
  packages = ["."]
  pruneopts = "UT"
  revision = "94e385923345495c4add5c23df1efc6d66964479"
  version = "v1.0"

[[projects]]
  branch = "master"
  digest = "1:95be927b2ec224dfd5357bdd9a8f588299779812525d9aeb0740a3713a5a2560"
  name = "github.com/zserge/metric"
  packages = ["."]
  pruneopts = "UT"
  revision = "5a5d84c90520d706b4805b4a5cca4c57998868e0"

[[projects]]
  branch = "master"
  digest = "1:ddede48a19d7eb93f4ec120df1ff69165277c664d31554e256a5dbca742faa8d"
  name = "golang.org/x/crypto"
  packages = [
    "ed25519",
    "ed25519/internal/edwards25519",
    "ssh/terminal",
  ]
  pruneopts = "UT"
  revision = "38d8ce5564a5b71b2e3a00553993f1b9a7ae852f"

[[projects]]
  branch = "master"
  digest = "1:76ee51c3f468493aff39dbacc401e8831fbb765104cbf613b89bef01cf4bad70"
  name = "golang.org/x/net"
  packages = ["context"]
  pruneopts = "UT"
  revision = "eb5bcb51f2a31c7d5141d810b70815c05d9c9146"

[[projects]]
  branch = "master"
  digest = "1:503f66aac79cb9135d73679c7fa3e95a6fad82a3da399c505ea282b50ff03723"
  name = "golang.org/x/sys"
  packages = [
    "unix",
    "windows",
  ]
  pruneopts = "UT"
  revision = "4b34438f7a67ee5f45cc6132e2bad873a20324e9"

[[projects]]
  digest = "1:d219400f09c151f0ada918bab650ef46f7ebdb1ff4fea923fdcb839481ec7ec1"
  name = "gopkg.in/cheggaaa/pb.v1"
  packages = ["."]
  pruneopts = "UT"
  revision = "f907f6f5dd81f77c2bbc1cde92e4c5a04720cb11"
  version = "v1.0.28"

[[projects]]
  digest = "1:4d2e5a73dc1500038e504a8d78b986630e3626dc027bc030ba5c75da257cdb96"
  name = "gopkg.in/yaml.v2"
  packages = ["."]
  pruneopts = "UT"
  revision = "51d6538a90f86fe93ac480b35f37b2be17fef232"
  version = "v2.2.2"

[solve-meta]
  analyzer-name = "dep"
  analyzer-version = 1
  input-imports = [
    "bazil.org/fuse",
    "bazil.org/fuse/fs",
    "bazil.org/fuse/fs/fstestutil",
    "github.com/CovenantSQL/HashStablePack/marshalhash",
    "github.com/CovenantSQL/beacon/ipv6",
    "github.com/CovenantSQL/go-sqlite3-encrypt",
    "github.com/CovenantSQL/sqlparser",
    "github.com/btcsuite/btcd/btcec",
    "github.com/btcsuite/btcutil/base58",
    "github.com/cyberdelia/go-metrics-graphite",
    "github.com/davecgh/go-spew/spew",
    "github.com/fortytw2/leaktest",
    "github.com/go-gorp/gorp",
    "github.com/gorilla/handlers",
    "github.com/gorilla/mux",
    "github.com/gorilla/websocket",
    "github.com/hashicorp/golang-lru",
    "github.com/ivpusic/grpool",
    "github.com/jmoiron/jsonq",
    "github.com/jordwest/mock-conn",
    "github.com/lufia/iostat",
    "github.com/minio/blake2b-simd",
    "github.com/mohae/deepcopy",
    "github.com/pkg/errors",
    "github.com/prometheus/client_golang/prometheus",
    "github.com/prometheus/client_model/go",
    "github.com/prometheus/common/expfmt",
    "github.com/prometheus/common/version",
    "github.com/prometheus/procfs",
    "github.com/rakyll/statik/fs",
    "github.com/rcrowley/go-metrics",
    "github.com/satori/go.uuid",
    "github.com/siddontang/go-mysql/mysql",
    "github.com/siddontang/go-mysql/server",
    "github.com/sirupsen/logrus",
    "github.com/smartystreets/goconvey/convey",
    "github.com/sourcegraph/jsonrpc2",
    "github.com/sourcegraph/jsonrpc2/websocket",
    "github.com/syndtr/goleveldb/leveldb",
    "github.com/syndtr/goleveldb/leveldb/iterator",
    "github.com/syndtr/goleveldb/leveldb/opt",
    "github.com/syndtr/goleveldb/leveldb/util",
    "github.com/tchap/go-patricia/patricia",
    "github.com/ugorji/go/codec",
    "github.com/xo/dburl",
    "github.com/xo/usql/drivers",
    "github.com/xo/usql/env",
    "github.com/xo/usql/handler",
    "github.com/xo/usql/rline",
    "github.com/xo/usql/text",
    "github.com/xtaci/smux",
    "github.com/zserge/metric",
    "golang.org/x/crypto/ed25519",
    "golang.org/x/crypto/ssh/terminal",
    "golang.org/x/sys/unix",
    "gopkg.in/cheggaaa/pb.v1",
    "gopkg.in/yaml.v2",
  ]
  solver-name = "gps-cdcl"
  solver-version = 1
