# This file is autogenerated, do not edit; changes may be undone by the next 'dep ensure'.


[[projects]]
  digest = "1:a8d622a8049a4aa420e1c509873bb85d4c45c5107f420d922f919bfcb8d08694"
  name = "github.com/beevik/ntp"
  packages = ["."]
  pruneopts = "UT"
  revision = "62c80a04de2086884d8296004b6d74ee1846c582"
  version = "v0.2.0"

[[projects]]
  branch = "master"
  digest = "1:d6afaeed1502aa28e80a4ed0981d570ad91b2579193404256ce672ed0a609e0d"
  name = "github.com/beorn7/perks"
  packages = ["quantile"]
  pruneopts = "UT"
  revision = "3a771d992973f24aa725d07868b467d1ddfceafb"

[[projects]]
  branch = "master"
  digest = "1:2c00f064ba355903866cbfbf3f7f4c0fe64af6638cc7d1b8bdcf3181bc67f1d8"
  name = "github.com/btcsuite/btcd"
  packages = ["btcec"]
  pruneopts = "UT"
  revision = "9a2f9524024889e129a5422aca2cff73cb3eabf6"

[[projects]]
  branch = "master"
  name = "github.com/btcsuite/btcutil"
  packages = ["base58"]
  revision = "ab6388e0c60ae4834a1f57511e20c17b5f78be4b"

[[projects]]
  digest = "1:c28625428387b63dd7154eb857f51e700465cfbf7c06f619e71f2da33cefe47e"
  name = "github.com/coreos/bbolt"
  packages = ["."]
  pruneopts = "UT"
  revision = "583e8937c61f1af6513608ccc75c97b6abdf4ff9"
  version = "v1.3.0"

[[projects]]
  digest = "1:a2c1d0e43bd3baaa071d1b9ed72c27d78169b2b269f71c105ac4ba34b1be4a39"
  name = "github.com/davecgh/go-spew"
  packages = ["spew"]
  pruneopts = "UT"
  revision = "346938d642f2ec3594ed81d874461961cd0faa76"
  version = "v1.1.0"

[[projects]]
  digest = "1:544229a3ca0fb2dd5ebc2896d3d2ff7ce096d9751635301e44e37e761349ee70"
  name = "github.com/fortytw2/leaktest"
  packages = ["."]
  pruneopts = "UT"
  revision = "a5ef70473c97b71626b9abeda80ee92ba2a7de9e"
  version = "v1.2.0"

[[projects]]
  digest = "1:15042ad3498153684d09f393bbaec6b216c8eec6d61f63dff711de7d64ed8861"
  name = "github.com/golang/protobuf"
  packages = ["proto"]
  pruneopts = "UT"
  revision = "b4deda0973fb4c70b50d226b1af49f3da59f5265"
  version = "v1.1.0"

[[projects]]
  branch = "master"
  digest = "1:f14d1b50e0075fb00177f12a96dd7addf93d1e2883c25befd17285b779549795"
  name = "github.com/gopherjs/gopherjs"
  packages = ["js"]
  pruneopts = "UT"
  revision = "0892b62f0d9fb5857760c3cfca837207185117ee"

[[projects]]
  branch = "master"
  digest = "1:89658943622e6bc5e76b4da027ee9583fa0b321db0c797bd554edab96c1ca2b1"
  name = "github.com/hashicorp/yamux"
  packages = ["."]
  pruneopts = "UT"
  revision = "3520598351bb3500a49ae9563f5539666ae0a27c"

[[projects]]
  branch = "master"
  digest = "1:b8ea2f94c66b4cb5aa3302827b9a147adfb4a98d21b75d30cc569fdbbdcd7c75"
  name = "github.com/jordwest/mock-conn"
  packages = ["."]
  pruneopts = "UT"
  revision = "4896c6bd164172da9f78789f233b470a3a6fb359"

[[projects]]
  digest = "1:1e15f4e455f94aeaedfcf9c75b3e1c449b5acba1551c58446b4b45be507c707b"
  name = "github.com/jtolds/gls"
  packages = ["."]
  pruneopts = "UT"
  revision = "77f18212c9c7edc9bd6a33d383a7b545ce62f064"
  version = "v4.2.1"

[[projects]]
  branch = "master"
  digest = "1:9e23318fb92c60935e4de2ce13710979f1dffd5c7a4ec4b29a740c27da9b735c"
  name = "github.com/lufia/iostat"
  packages = ["."]
  pruneopts = "UT"
  revision = "9f7362b77ad333b26c01c99de52a11bdb650ded2"

[[projects]]
  digest = "1:3cafc6a5a1b8269605d9df4c6956d43d8011fc57f266ca6b9d04da6c09dee548"
  name = "github.com/mattn/go-sqlite3"
  packages = ["."]
  pruneopts = "UT"
  revision = "25ecb14adfc7543176f7d85291ec7dba82c6f7e4"
  version = "v1.9.0"

[[projects]]
  digest = "1:ff5ebae34cfbf047d505ee150de27e60570e8c394b3b8fdbb720ff6ac71985fc"
  name = "github.com/matttproud/golang_protobuf_extensions"
  packages = ["pbutil"]
  pruneopts = "UT"
  revision = "c12348ce28de40eed0136aa2b644d0ee0650e56c"
  version = "v1.0.1"

[[projects]]
  digest = "1:463e4140189f8194f9121ca1c7fe3b8e9e9a2ab3d949b43c835c21034927dc62"
  name = "github.com/miekg/dns"
  packages = ["."]
  pruneopts = "UT"
  revision = "5a2b9fab83ff0f8bfc99684bd5f43a37abe560f1"
  version = "v1.0.8"

[[projects]]
  branch = "master"
  digest = "1:130cefe87d7eeefc824978dcb78e35672d4c49a11f25c153fbf0cfd952756fa3"
  name = "github.com/minio/blake2b-simd"
  packages = ["."]
  pruneopts = "UT"
  revision = "3f5f724cb5b182a5c278d6d3d55b40e7f8c2efb4"

[[projects]]
  digest = "1:0028cb19b2e4c3112225cd871870f2d9cf49b9b4276531f03438a88e94be86fe"
  name = "github.com/pmezard/go-difflib"
  packages = ["difflib"]
  pruneopts = "UT"
  revision = "792786c7400a136282c1664665ae0a8db921c6c2"
  version = "v1.0.0"

[[projects]]
  branch = "master"
  digest = "1:9efc85e51f8f7a35ace31c0670856670aee605d37d1ceaad97cebb5e71102bbc"
  name = "github.com/prometheus/client_golang"
  packages = ["prometheus"]
  pruneopts = "UT"
  revision = "bcbbc08eb2ddff3af83bbf11e7ec13b4fd730b6e"

[[projects]]
  branch = "master"
  digest = "1:2d5cd61daa5565187e1d96bae64dbbc6080dacf741448e9629c64fd93203b0d4"
  name = "github.com/prometheus/client_model"
  packages = ["go"]
  pruneopts = "UT"
  revision = "5c3871d89910bfb32f5fcab2aa4b9ec68e65a99f"

[[projects]]
  branch = "master"
  digest = "1:07d47107cc3cea73329366ca398b0fcc890cd5a852b59e05e949476937d1ea90"
  name = "github.com/prometheus/common"
  packages = [
    "expfmt",
    "internal/bitbucket.org/ww/goautoneg",
    "model",
    "version",
  ]
  pruneopts = "UT"
  revision = "7600349dcfe1abd18d72d3a1770870d9800a7801"

[[projects]]
  branch = "master"
  digest = "1:8c49953a1414305f2ff5465147ee576dd705487c35b15918fcd4efdc0cb7a290"
  name = "github.com/prometheus/procfs"
  packages = [
    ".",
    "internal/util",
    "nfs",
    "xfs",
  ]
  pruneopts = "UT"
  revision = "05ee40e3a273f7245e8777337fc7b46e533a9a92"

[[projects]]
  digest = "1:d867dfa6751c8d7a435821ad3b736310c2ed68945d05b50fb9d23aee0540c8cc"
  name = "github.com/sirupsen/logrus"
  packages = ["."]
  pruneopts = "UT"
  revision = "3e01752db0189b9157070a0e1668a620f9a85da2"
  version = "v1.0.6"

[[projects]]
  digest = "1:cc1c574c9cb5e99b123888c12b828e2d19224ab6c2244bda34647f230bf33243"
  name = "github.com/smartystreets/assertions"
  packages = [
    ".",
    "internal/go-render/render",
    "internal/oglematchers",
  ]
  pruneopts = "UT"
  revision = "7678a5452ebea5b7090a6b163f844c133f523da2"
  version = "1.8.3"

[[projects]]
  digest = "1:a3e081e593ee8e3b0a9af6a5dcac964c67a40c4f2034b5345b2ad78d05920728"
  name = "github.com/smartystreets/goconvey"
  packages = [
    "convey",
    "convey/gotest",
    "convey/reporting",
  ]
  pruneopts = "UT"
  revision = "9e8dc3f972df6c8fcc0375ef492c24d0bb204857"
  version = "1.6.3"

[[projects]]
  digest = "1:ac83cf90d08b63ad5f7e020ef480d319ae890c208f8524622a2f3136e2686b02"
  name = "github.com/stretchr/objx"
  packages = ["."]
  pruneopts = "UT"
  revision = "477a77ecc69700c7cdeb1fa9e129548e1c1c393c"
  version = "v0.1.1"

[[projects]]
  digest = "1:15a4a7e5afac3cea801fa24831fce3bf3b5bd3620cbf8355a07b7dbf06877883"
  name = "github.com/stretchr/testify"
  packages = [
    "assert",
    "mock",
  ]
  pruneopts = "UT"
  revision = "f35b8ab0b5a2cef36673838d662e249dd9c94686"
  version = "v1.2.2"

[[projects]]
  digest = "1:d9eb1d964a449cf51455fdac2ec3451c664af8e8b93c23d9c31d22b84ea82fde"
  name = "github.com/tchap/go-patricia"
  packages = ["patricia"]
  pruneopts = "UT"
  revision = "666120de432aea38ab06bd5c818f04f4129882c9"
  version = "v2.2.6"

[[projects]]
  digest = "1:03aa6e485e528acb119fb32901cf99582c380225fc7d5a02758e08b180cb56c3"
  name = "github.com/ugorji/go"
  packages = ["codec"]
  pruneopts = "UT"
  revision = "b4c50a2b199d93b13dc15e78929cfb23bfdf21ab"
  version = "v1.1.1"

[[projects]]
  branch = "master"
  digest = "1:583f2f436bab7b59a7bd3e759f1375b06f460760ed1f9235604d143eaab83009"
  name = "golang.org/x/crypto"
  packages = [
    "ed25519",
    "ed25519/internal/edwards25519",
    "ssh/terminal",
  ]
  pruneopts = "UT"
  revision = "c126467f60eb25f8f27e5a981f32a87e3965053f"

[[projects]]
  branch = "master"
  digest = "1:8132d9551639ef2fa937775599077c95b1e9343ff5e9146c280c7920cb7cc994"
  name = "golang.org/x/net"
  packages = [
    "bpf",
    "internal/iana",
    "internal/socket",
    "ipv4",
    "ipv6",
  ]
  pruneopts = "UT"
  revision = "3673e40ba22529d22c3fd7c93e97b0ce50fa7bdd"

[[projects]]
  branch = "master"
  digest = "1:be95d758fc4d9216e5d41ff5b98b46938fba85ca5bc2ddc45a1b03e2bb10fe7c"
  name = "golang.org/x/sys"
  packages = [
    "unix",
    "windows",
  ]
  pruneopts = "UT"
  revision = "e072cadbbdc8dd3d3ffa82b8b4b9304c261d9311"

[[projects]]
  digest = "1:342378ac4dcb378a5448dd723f0784ae519383532f5e70ade24132c4c8693202"
  name = "gopkg.in/yaml.v2"
  packages = ["."]
  pruneopts = "UT"
  revision = "5420a8b6744d3b0345ab293f6fcba19c978f1183"
  version = "v2.2.1"

[solve-meta]
  analyzer-name = "dep"
  analyzer-version = 1
  input-imports = [
    "github.com/beevik/ntp",
    "github.com/btcsuite/btcd/btcec",
    "github.com/coreos/bbolt",
    "github.com/fortytw2/leaktest",
    "github.com/golang/protobuf/proto",
    "github.com/hashicorp/yamux",
    "github.com/jordwest/mock-conn",
    "github.com/lufia/iostat",
    "github.com/mattn/go-sqlite3",
    "github.com/miekg/dns",
    "github.com/minio/blake2b-simd",
    "github.com/prometheus/client_golang/prometheus",
    "github.com/prometheus/client_model/go",
    "github.com/prometheus/common/expfmt",
    "github.com/prometheus/common/version",
    "github.com/prometheus/procfs",
    "github.com/sirupsen/logrus",
    "github.com/smartystreets/goconvey/convey",
    "github.com/stretchr/testify/assert",
    "github.com/stretchr/testify/mock",
    "github.com/tchap/go-patricia/patricia",
    "github.com/ugorji/go/codec",
    "golang.org/x/crypto/ssh/terminal",
    "golang.org/x/sys/unix",
    "gopkg.in/yaml.v2",
  ]
  solver-name = "gps-cdcl"
  solver-version = 1
